schema: '2.0'
stages:
  train_episodic@resnet18:
    cmd: python -m stages.train_episodic resnet18 --output-model data/models/resnet18_episodic.tar
      --n-epochs 240 --n-way 32 --n-query 15 --n-tasks-per-epoch 75 --feature-dimension
      512 --tb-log-dir data/tb_logs/resnet18_episodic &> data/logs/train_episodic_resnet18.out
    deps:
    - path: stages/train_episodic.py
      md5: 31622b67d6678f3c46ac8f374260272f
      size: 4683
    outs:
    - path: data/logs/train_episodic_resnet18.out
      md5: ada0d35f5a29c284a752c8273af70e0a
      size: 4616247
    - path: data/models/resnet18_episodic.tar
      md5: 2ad208203e06c9ee521d5a179d473c43
      size: 45836429
    - path: data/tb_logs/resnet18_episodic
      md5: f18cb8487ee5da3d21908a282b015ad3.dir
      size: 22580
      nfiles: 1
  train_classic@resnet18:
    cmd: python -m stages.train_classic resnet18 --output-model data/models/resnet18_classic.tar
      --n-epochs 200 --batch-size 512 --tb-log-dir data/tb_logs/resnet18_classic &>
      data/logs/train_classic_resnet18.out
    deps:
    - path: stages/train_classic.py
      md5: a5773053c34fa7a88dad6ca47e26e467
      size: 4616
    outs:
    - path: data/logs/train_classic_resnet18.out
      md5: 1dea3960a007367f15b5b22ce7761dd7
      size: 1870713
    - path: data/models/resnet18_classic.tar
      md5: 8a1737007b4c35f7de5297555b913ff6
      size: 44939597
    - path: data/tb_logs/resnet18_classic
      md5: 2cb8dc8f55870cc406513107ca8bce23.dir
      size: 18780
      nfiles: 1
  train_episodic@mobilenet:
    cmd: python -m stages.train_episodic mobilenet --output-model data/models/mobilenet_episodic.tar
      --n-epochs 100 --n-query 20 --n-tasks-per-epoch 1000 --tb-log-dir data/tb_logs/mobilenet_episodic
      &> data/logs/train_episodic_mobilenet.out
    deps:
    - path: stages/train_episodic.py
      md5: 55a6412c1c2eea67eb6ed06c2be1609a
      size: 4496
    outs:
    - path: data/logs/train_episodic_mobilenet.out
      md5: ce7a6c389d9283185792c86fc91bb612
      size: 13176889
    - path: data/models/mobilenet_episodic.tar
      md5: bba6d74546953b35687f6c5995a117fd
      size: 7257305
    - path: data/tb_logs/mobilenet_episodic
      md5: 276c0877c4971a98d4356ca10034c777.dir
      size: 9336
      nfiles: 1
  train_classic@mobilenet:
    cmd: python -m stages.train_classic mobilenet --output-model data/models/mobilenet_classic.tar
      --n-epochs 150 --batch-size 256 --tb-log-dir data/tb_logs/mobilenet_classic
      &> data/logs/train_classic_mobilenet.out
    deps:
    - path: stages/train_classic.py
      md5: 5a34426c37955cfc5bdc2439b80548c6
      size: 4401
    outs:
    - path: data/logs/train_classic_mobilenet.out
      md5: 5e58a855279534b10a32d47d90df871f
      size: 2482342
    - path: data/models/mobilenet_classic.tar
      md5: d51bbb713709e1d696c06f22ef68cd19
      size: 6515097
    - path: data/tb_logs/mobilenet_classic
      md5: 9a48fec172d02023f5d44a85f983ab0d.dir
      size: 14030
      nfiles: 1
  train_episodic@resnet34:
    cmd: python -m stages.train_episodic resnet34 --output-model data/models/resnet34_episodic.tar
      --n-epochs 240 --n-way 32 --n-query 15 --n-tasks-per-epoch 75 --feature-dimension
      512 --tb-log-dir data/tb_logs/resnet34_episodic &> data/logs/train_episodic_resnet34.out
    deps:
    - path: stages/train_episodic.py
      md5: 31622b67d6678f3c46ac8f374260272f
      size: 4683
    outs:
    - path: data/logs/train_episodic_resnet34.out
      md5: c1741b2b008cf2ba7793b9cc9cc2c166
      size: 5420157
    - path: data/models/resnet34_episodic.tar
      md5: 3ce06a5f2cd74c9a9eea77c36f308b0d
      size: 86331661
    - path: data/tb_logs/resnet34_episodic
      md5: adb9343d5826f1dccc89e0bab04a2ddb.dir
      size: 22580
      nfiles: 1
  train_classic@resnet34:
    cmd: python -m stages.train_classic resnet34 --output-model data/models/resnet34_classic.tar
      --n-epochs 200 --batch-size 512 --tb-log-dir data/tb_logs/resnet34_classic &>
      data/logs/train_classic_resnet34.out
    deps:
    - path: stages/train_classic.py
      md5: a5773053c34fa7a88dad6ca47e26e467
      size: 4616
    outs:
    - path: data/logs/train_classic_resnet34.out
      md5: ffb5eb437d06f275534427d9d6065530
      size: 1894867
    - path: data/models/resnet34_classic.tar
      md5: 7bdda16c55c943b6c07f70cbf69a07dd
      size: 85434829
    - path: data/tb_logs/resnet34_classic
      md5: 62d2d037da426e0fd25c1b3a9626246f.dir
      size: 18780
      nfiles: 1
