schema: '2.0'
stages:
  train_episodic@resnet18:
    cmd: python -m stages.train_episodic resnet18 --output-model data/models/resnet18_episodic.tar
      --n-epochs 200 --n-way 32 --n-query 15 --n-tasks-per-epoch 75 --feature-dimension
      512 --tb-log-dir data/tb_logs/resnet18_episodic &> data/logs/train_episodic_resnet18.out
    deps:
    - path: stages/train_episodic.py
      md5: ba701bc90896408005ec9d4a21ed9082
      size: 5392
    outs:
    - path: data/logs/train_episodic_resnet18.out
      md5: 0ac60a1a83f534830c87db0a3b3d360d
      size: 3840482
    - path: data/models/resnet18_episodic.tar
      md5: 001d55c5362254a1a24d425c23afb00c
      size: 45836429
    - path: data/tb_logs/resnet18_episodic
      md5: e5ee617fe2acf0b4cbfe03c8db7acada.dir
      size: 18780
      nfiles: 1
  train_classic@resnet18:
    cmd: python -m stages.train_classic resnet18 --output-model data/models/resnet18_classic.tar
      --n-epochs 200 --batch-size 512 --tb-log-dir data/tb_logs/resnet18_classic &>
      data/logs/train_classic_resnet18.out
    deps:
    - path: stages/train_classic.py
      md5: a5773053c34fa7a88dad6ca47e26e467
      size: 4616
    outs:
    - path: data/logs/train_classic_resnet18.out
      md5: 1dea3960a007367f15b5b22ce7761dd7
      size: 1870713
    - path: data/models/resnet18_classic.tar
      md5: 8a1737007b4c35f7de5297555b913ff6
      size: 44939597
    - path: data/tb_logs/resnet18_classic
      md5: 2cb8dc8f55870cc406513107ca8bce23.dir
      size: 18780
      nfiles: 1
  train_episodic@mobilenet:
    cmd: python -m stages.train_episodic mobilenet --output-model data/models/mobilenet_episodic.tar
      --n-epochs 100 --n-query 20 --n-tasks-per-epoch 1000 --tb-log-dir data/tb_logs/mobilenet_episodic
      &> data/logs/train_episodic_mobilenet.out
    deps:
    - path: stages/train_episodic.py
      md5: 55a6412c1c2eea67eb6ed06c2be1609a
      size: 4496
    outs:
    - path: data/logs/train_episodic_mobilenet.out
      md5: ce7a6c389d9283185792c86fc91bb612
      size: 13176889
    - path: data/models/mobilenet_episodic.tar
      md5: bba6d74546953b35687f6c5995a117fd
      size: 7257305
    - path: data/tb_logs/mobilenet_episodic
      md5: 276c0877c4971a98d4356ca10034c777.dir
      size: 9336
      nfiles: 1
  train_classic@mobilenet:
    cmd: python -m stages.train_classic mobilenet --output-model data/models/mobilenet_classic.tar
      --n-epochs 150 --batch-size 256 --tb-log-dir data/tb_logs/mobilenet_classic
      &> data/logs/train_classic_mobilenet.out
    deps:
    - path: stages/train_classic.py
      md5: 5a34426c37955cfc5bdc2439b80548c6
      size: 4401
    outs:
    - path: data/logs/train_classic_mobilenet.out
      md5: 5e58a855279534b10a32d47d90df871f
      size: 2482342
    - path: data/models/mobilenet_classic.tar
      md5: d51bbb713709e1d696c06f22ef68cd19
      size: 6515097
    - path: data/tb_logs/mobilenet_classic
      md5: 9a48fec172d02023f5d44a85f983ab0d.dir
      size: 14030
      nfiles: 1
  train_episodic@resnet34:
    cmd: python -m stages.train_episodic resnet34 --output-model data/models/resnet34_episodic.tar
      --n-epochs 200 --n-way 32 --n-query 15 --n-tasks-per-epoch 75 --feature-dimension
      512 --tb-log-dir data/tb_logs/resnet34_episodic &> data/logs/train_episodic_resnet34.out
    deps:
    - path: stages/train_episodic.py
      md5: ba701bc90896408005ec9d4a21ed9082
      size: 5392
    outs:
    - path: data/logs/train_episodic_resnet34.out
      md5: fcbbf6d28b736812d75961d8f7d8d251
      size: 4511636
    - path: data/models/resnet34_episodic.tar
      md5: 2fae8877708cf68d2d2af4baceed7bc9
      size: 86331661
    - path: data/tb_logs/resnet34_episodic
      md5: bf366c1d525cea4aa2f03f606e747a8e.dir
      size: 18780
      nfiles: 1
  train_classic@resnet34:
    cmd: python -m stages.train_classic resnet34 --output-model data/models/resnet34_classic.tar
      --n-epochs 200 --batch-size 512 --tb-log-dir data/tb_logs/resnet34_classic &>
      data/logs/train_classic_resnet34.out
    deps:
    - path: stages/train_classic.py
      md5: a5773053c34fa7a88dad6ca47e26e467
      size: 4616
    outs:
    - path: data/logs/train_classic_resnet34.out
      md5: ffb5eb437d06f275534427d9d6065530
      size: 1894867
    - path: data/models/resnet34_classic.tar
      md5: 7bdda16c55c943b6c07f70cbf69a07dd
      size: 85434829
    - path: data/tb_logs/resnet34_classic
      md5: 62d2d037da426e0fd25c1b3a9626246f.dir
      size: 18780
      nfiles: 1
  train_episodic@3:
    cmd: python -m stages.train_episodic resnet12 mini_imagenet --output-model data/models/resnet12_mini_imagenet_episodic.tar
      --n-epochs 240 --n-way 32 --n-query 15 --n-tasks-per-epoch 75 --feature-dimension
      512 --tb-log-dir data/tb_logs/resnet12_mini_imagenet_episodic &> data/logs/train_episodic_resnet12_mini_imagenet.out
    deps:
    - path: stages/train_episodic.py
      md5: 6a731a85af013719fa880e9bf6f87f34
      size: 6278
    outs:
    - path: data/logs/train_episodic_resnet12_mini_imagenet.out
      md5: 2e3124b58bc5acebe1364813df674e12
      size: 7320799
    - path: data/models/resnet12_mini_imagenet_episodic.tar
      md5: e8030951f579cb48fad1f4dcdbe22b0f
      size: 37773289
    - path: data/tb_logs/resnet12_mini_imagenet_episodic
      md5: 935cb079b30f6533748311fd166001b6.dir
      size: 22580
      nfiles: 1
  train_episodic@1:
    cmd: python -m stages.train_episodic resnet12 cifar --output-model data/models/resnet12_cifar_episodic.tar
      --n-epochs 240 --n-way 32 --n-query 15 --n-tasks-per-epoch 75 --feature-dimension
      512 --tb-log-dir data/tb_logs/resnet12_cifar_episodic &> data/logs/train_episodic_resnet12_cifar.out
    deps:
    - path: stages/train_episodic.py
      md5: 6a731a85af013719fa880e9bf6f87f34
      size: 6278
    outs:
    - path: data/logs/train_episodic_resnet12_cifar.out
      md5: 1b148af628185582955453be4f797888
      size: 5531975
    - path: data/models/resnet12_cifar_episodic.tar
      md5: a57230dbe6ec08b27ed4e47a8ef1b8af
      size: 37773289
    - path: data/tb_logs/resnet12_cifar_episodic
      md5: c97324e2ab3c0a2558304188fabbe1ed.dir
      size: 22580
      nfiles: 1
  train_episodic@0:
    cmd: python -m stages.train_episodic resnet18 cifar --output-model data/models/resnet18_cifar_episodic.tar
      --n-epochs 240 --n-way 32 --n-query 15 --n-tasks-per-epoch 75 --feature-dimension
      512 --tb-log-dir data/tb_logs/resnet18_cifar_episodic &> data/logs/train_episodic_resnet18_cifar.out
    deps:
    - path: stages/train_episodic.py
      md5: 6a731a85af013719fa880e9bf6f87f34
      size: 6278
    outs:
    - path: data/logs/train_episodic_resnet18_cifar.out
      md5: 0f8a837de7e9b16f0658bb27110a125c
      size: 5619695
    - path: data/models/resnet18_cifar_episodic.tar
      md5: 84f9f3116e87b38cc26fd1b77ac377c9
      size: 44754385
    - path: data/tb_logs/resnet18_cifar_episodic
      md5: d43fedac11426d2e1e61ed0413a33e27.dir
      size: 22580
      nfiles: 1
  train_episodic@2:
    cmd: python -m stages.train_episodic resnet18 mini_imagenet --output-model data/models/resnet18_mini_imagenet_episodic.tar
      --n-epochs 240 --n-way 32 --n-query 15 --n-tasks-per-epoch 75 --feature-dimension
      512 --tb-log-dir data/tb_logs/resnet18_mini_imagenet_episodic &> data/logs/train_episodic_resnet18_mini_imagenet.out
    deps:
    - path: stages/train_episodic.py
      md5: 6a731a85af013719fa880e9bf6f87f34
      size: 6278
    outs:
    - path: data/logs/train_episodic_resnet18_mini_imagenet.out
      md5: e3e35e80cec197e9feee99fa7a54f4d4
      size: 7325587
    - path: data/models/resnet18_mini_imagenet_episodic.tar
      md5: dc2a2d4302a3f1254092fb7eba4ad076
      size: 44754385
    - path: data/tb_logs/resnet18_mini_imagenet_episodic
      md5: a3faeb4e1d27f1d09884222174734bbb.dir
      size: 22580
      nfiles: 1
  train_classic@0:
    cmd: python -m stages.train_classic resnet18 cifar --output-model data/models/resnet18_cifar_classic.tar
      --n-epochs 200 --batch-size 512 --tb-log-dir data/tb_logs/resnet18_cifar_classic
      &> data/logs/train_classic_resnet18_cifar.out
    deps:
    - path: stages/train_classic.py
      md5: bfc30fde5b958a57ac4639f4d90d31e9
      size: 5176
    outs:
    - path: data/logs/train_classic_resnet18_cifar.out
      md5: 17aa38b769b0325ef78d02e78e19575e
      size: 2679460
    - path: data/models/resnet18_cifar_classic.tar
      md5: 089d432b6e0c86f989a70a7988c93f82
      size: 44754321
    - path: data/tb_logs/resnet18_cifar_classic
      md5: d39013566a2011a2a042ec2fb616d59d.dir
      size: 18780
      nfiles: 1
  train_classic@3:
    cmd: python -m stages.train_classic resnet12 mini_imagenet --output-model data/models/resnet12_mini_imagenet_classic.tar
      --n-epochs 200 --batch-size 512 --tb-log-dir data/tb_logs/resnet12_mini_imagenet_classic
      &> data/logs/train_classic_resnet12_mini_imagenet.out
    deps:
    - path: stages/train_classic.py
      md5: bfc30fde5b958a57ac4639f4d90d31e9
      size: 5176
    outs:
    - path: data/logs/train_classic_resnet12_mini_imagenet.out
      md5: f0b9a40cb434a392d82b3331b0f372a6
      size: 2817428
    - path: data/models/resnet12_mini_imagenet_classic.tar
      md5: ce8b54ef1b7b110bd14c07b9c7a39e7a
      size: 37773225
    - path: data/tb_logs/resnet12_mini_imagenet_classic
      md5: 40537d9ce3928c1ff0dbb282d5a24252.dir
      size: 18780
      nfiles: 1
  train_classic@1:
    cmd: python -m stages.train_classic resnet12 cifar --output-model data/models/resnet12_cifar_classic.tar
      --n-epochs 200 --batch-size 512 --tb-log-dir data/tb_logs/resnet12_cifar_classic
      &> data/logs/train_classic_resnet12_cifar.out
    deps:
    - path: stages/train_classic.py
      md5: bfc30fde5b958a57ac4639f4d90d31e9
      size: 5176
    outs:
    - path: data/logs/train_classic_resnet12_cifar.out
      md5: 77c8eba2e88b5093f778014f0b290f14
      size: 2679230
    - path: data/models/resnet12_cifar_classic.tar
      md5: a6c6e653f447b32e4fb2e92cf412b08c
      size: 37773225
    - path: data/tb_logs/resnet12_cifar_classic
      md5: 939553aced9076e2034b85cc5bda5bb7.dir
      size: 18780
      nfiles: 1
  train_classic@2:
    cmd: python -m stages.train_classic resnet18 mini_imagenet --output-model data/models/resnet18_mini_imagenet_classic.tar
      --n-epochs 200 --batch-size 512 --tb-log-dir data/tb_logs/resnet18_mini_imagenet_classic
      &> data/logs/train_classic_resnet18_mini_imagenet.out
    deps:
    - path: stages/train_classic.py
      md5: bfc30fde5b958a57ac4639f4d90d31e9
      size: 5176
    outs:
    - path: data/logs/train_classic_resnet18_mini_imagenet.out
      md5: e74cd2a12642b1bec4b75a3011e688a5
      size: 2817035
    - path: data/models/resnet18_mini_imagenet_classic.tar
      md5: 63fc9e73ad5406f0d9cd32ff2560488a
      size: 44754321
    - path: data/tb_logs/resnet18_mini_imagenet_classic
      md5: e3d55e66ccc579993e019731bcd42298.dir
      size: 18780
      nfiles: 1
  compute_features@10:
    cmd: python -m stages.compute_features resnet18 mini_imagenet data/models/resnet18_mini_imagenet_classic.tar
      --split test &> data/logs/compute_features_mini_imagenet_test_resnet18_classic.out
    deps:
    - path: data/models/resnet18_mini_imagenet_classic.tar
      md5: 63fc9e73ad5406f0d9cd32ff2560488a
      size: 44754321
    - path: stages/train_classic.py
      md5: bfc30fde5b958a57ac4639f4d90d31e9
      size: 5176
    outs:
    - path: data/features/mini_imagenet/test/resnet18_mini_imagenet_classic.pickle
      md5: ef950a090d78b5cf52b470e473019374
      size: 24577312
    - path: data/logs/compute_features_mini_imagenet_test_resnet18_classic.out
      md5: 9c139a48e3b03a9ed2c5920317bd9f7d
      size: 34530
  compute_features@11:
    cmd: python -m stages.compute_features resnet12 mini_imagenet data/models/resnet12_mini_imagenet_classic.tar
      --split test &> data/logs/compute_features_mini_imagenet_test_resnet12_classic.out
    deps:
    - path: data/models/resnet12_mini_imagenet_classic.tar
      md5: ce8b54ef1b7b110bd14c07b9c7a39e7a
      size: 37773225
    - path: stages/train_classic.py
      md5: bfc30fde5b958a57ac4639f4d90d31e9
      size: 5176
    outs:
    - path: data/features/mini_imagenet/test/resnet12_mini_imagenet_classic.pickle
      md5: b80a5df8a3aae9b9feb0175daaad512a
      size: 30721312
    - path: data/logs/compute_features_mini_imagenet_test_resnet12_classic.out
      md5: ea5138100c9a89b066d9c9e3c9a964a3
      size: 34376
  compute_features@12:
    cmd: python -m stages.compute_features resnet18 cifar data/models/resnet18_cifar_episodic.tar
      --split test &> data/logs/compute_features_cifar_test_resnet18_episodic.out
    deps:
    - path: data/models/resnet18_cifar_episodic.tar
      md5: 84f9f3116e87b38cc26fd1b77ac377c9
      size: 44754385
    - path: stages/train_classic.py
      md5: bfc30fde5b958a57ac4639f4d90d31e9
      size: 5176
    outs:
    - path: data/features/cifar/test/resnet18_cifar_episodic.pickle
      md5: 2286e78b5ed5c5011fe46094cec91bd8
      size: 24577312
    - path: data/logs/compute_features_cifar_test_resnet18_episodic.out
      md5: 75e62c963e4320c859b2ba4da0ebbfe7
      size: 913
  compute_features@3:
    cmd: python -m stages.compute_features resnet12 mini_imagenet data/models/resnet12_mini_imagenet_classic.tar
      --split train &> data/logs/compute_features_mini_imagenet_train_resnet12_classic.out
    deps:
    - path: data/models/resnet12_mini_imagenet_classic.tar
      md5: ce8b54ef1b7b110bd14c07b9c7a39e7a
      size: 37773225
    - path: stages/train_classic.py
      md5: bfc30fde5b958a57ac4639f4d90d31e9
      size: 5176
    outs:
    - path: data/features/mini_imagenet/train/resnet12_mini_imagenet_classic.pickle
      md5: 4bf604a139bcc4ad226842d1dfbd9883
      size: 98307820
    - path: data/logs/compute_features_mini_imagenet_train_resnet12_classic.out
      md5: e86521636a0baead43be8fe904746f27
      size: 110597
  compute_features@2:
    cmd: python -m stages.compute_features resnet18 mini_imagenet data/models/resnet18_mini_imagenet_classic.tar
      --split train &> data/logs/compute_features_mini_imagenet_train_resnet18_classic.out
    deps:
    - path: data/models/resnet18_mini_imagenet_classic.tar
      md5: 63fc9e73ad5406f0d9cd32ff2560488a
      size: 44754321
    - path: stages/train_classic.py
      md5: bfc30fde5b958a57ac4639f4d90d31e9
      size: 5176
    outs:
    - path: data/features/mini_imagenet/train/resnet18_mini_imagenet_classic.pickle
      md5: 04da96b11c709dd631d86ae8d96e50d3
      size: 78647020
    - path: data/logs/compute_features_mini_imagenet_train_resnet18_classic.out
      md5: a13cf130f03fd6c5ca5dd4c080ece7cb
      size: 110673
  compute_features@6:
    cmd: python -m stages.compute_features resnet18 mini_imagenet data/models/resnet18_mini_imagenet_episodic.tar
      --split train &> data/logs/compute_features_mini_imagenet_train_resnet18_episodic.out
    deps:
    - path: data/models/resnet18_mini_imagenet_episodic.tar
      md5: dc2a2d4302a3f1254092fb7eba4ad076
      size: 44754385
    - path: stages/train_classic.py
      md5: bfc30fde5b958a57ac4639f4d90d31e9
      size: 5176
    outs:
    - path: data/features/mini_imagenet/train/resnet18_mini_imagenet_episodic.pickle
      md5: 022126409b661323ac7981895ad31cdd
      size: 78647020
    - path: data/logs/compute_features_mini_imagenet_train_resnet18_episodic.out
      md5: 9b70a168333a547494f29a9017b2990b
      size: 110910
  compute_features@15:
    cmd: python -m stages.compute_features resnet12 mini_imagenet data/models/resnet12_mini_imagenet_episodic.tar
      --split test &> data/logs/compute_features_mini_imagenet_test_resnet12_episodic.out
    deps:
    - path: data/models/resnet12_mini_imagenet_episodic.tar
      md5: e8030951f579cb48fad1f4dcdbe22b0f
      size: 37773289
    - path: stages/train_classic.py
      md5: bfc30fde5b958a57ac4639f4d90d31e9
      size: 5176
    outs:
    - path: data/features/mini_imagenet/test/resnet12_mini_imagenet_episodic.pickle
      md5: 75efe8b22d198bb31c841ef5bc89acf6
      size: 30721312
    - path: data/logs/compute_features_mini_imagenet_test_resnet12_episodic.out
      md5: d57a274ecd4ec8d4884b7a5a55e4ca2f
      size: 40079
  compute_features@9:
    cmd: python -m stages.compute_features resnet12 cifar data/models/resnet12_cifar_classic.tar
      --split test &> data/logs/compute_features_cifar_test_resnet12_classic.out
    deps:
    - path: data/models/resnet12_cifar_classic.tar
      md5: a6c6e653f447b32e4fb2e92cf412b08c
      size: 37773225
    - path: stages/train_classic.py
      md5: bfc30fde5b958a57ac4639f4d90d31e9
      size: 5176
    outs:
    - path: data/features/cifar/test/resnet12_cifar_classic.pickle
      md5: e63149919e9b56caefcdf881327b27c5
      size: 30721312
    - path: data/logs/compute_features_cifar_test_resnet12_classic.out
      md5: 38ad87b9790d7d5378f08847f2d5539e
      size: 951
  compute_features@4:
    cmd: python -m stages.compute_features resnet18 cifar data/models/resnet18_cifar_episodic.tar
      --split train &> data/logs/compute_features_cifar_train_resnet18_episodic.out
    deps:
    - path: data/models/resnet18_cifar_episodic.tar
      md5: 84f9f3116e87b38cc26fd1b77ac377c9
      size: 44754385
    - path: stages/train_classic.py
      md5: bfc30fde5b958a57ac4639f4d90d31e9
      size: 5176
    outs:
    - path: data/features/cifar/train/resnet18_cifar_episodic.pickle
      md5: bab523e8e69abb9502795881b14ee72a
      size: 78647020
    - path: data/logs/compute_features_cifar_train_resnet18_episodic.out
      md5: 87f445153fa8f27a5623dd2738aa9d29
      size: 1715
  compute_features@13:
    cmd: python -m stages.compute_features resnet12 cifar data/models/resnet12_cifar_episodic.tar
      --split test &> data/logs/compute_features_cifar_test_resnet12_episodic.out
    deps:
    - path: data/models/resnet12_cifar_episodic.tar
      md5: a57230dbe6ec08b27ed4e47a8ef1b8af
      size: 37773289
    - path: stages/train_classic.py
      md5: bfc30fde5b958a57ac4639f4d90d31e9
      size: 5176
    outs:
    - path: data/features/cifar/test/resnet12_cifar_episodic.pickle
      md5: 8333b2511b46cc7c472e22d3f4213e91
      size: 30721312
    - path: data/logs/compute_features_cifar_test_resnet12_episodic.out
      md5: 0e2e8812cb4cf13620d89031620b696d
      size: 952
  compute_features@1:
    cmd: python -m stages.compute_features resnet12 cifar data/models/resnet12_cifar_classic.tar
      --split train &> data/logs/compute_features_cifar_train_resnet12_classic.out
    deps:
    - path: data/models/resnet12_cifar_classic.tar
      md5: a6c6e653f447b32e4fb2e92cf412b08c
      size: 37773225
    - path: stages/train_classic.py
      md5: bfc30fde5b958a57ac4639f4d90d31e9
      size: 5176
    outs:
    - path: data/features/cifar/train/resnet12_cifar_classic.pickle
      md5: f1e9f9f208c02a5cdb408cbcd1d60142
      size: 98307820
    - path: data/logs/compute_features_cifar_train_resnet12_classic.out
      md5: 93bddeb51af71ea41fabc080a81b6f31
      size: 1816
  compute_features@8:
    cmd: python -m stages.compute_features resnet18 cifar data/models/resnet18_cifar_classic.tar
      --split test &> data/logs/compute_features_cifar_test_resnet18_classic.out
    deps:
    - path: data/models/resnet18_cifar_classic.tar
      md5: 089d432b6e0c86f989a70a7988c93f82
      size: 44754321
    - path: stages/train_classic.py
      md5: bfc30fde5b958a57ac4639f4d90d31e9
      size: 5176
    outs:
    - path: data/features/cifar/test/resnet18_cifar_classic.pickle
      md5: 399d944d636a059502baf3635bcdf17e
      size: 24577312
    - path: data/logs/compute_features_cifar_test_resnet18_classic.out
      md5: f685f0e45d5b2183f5efb6690e598940
      size: 912
  compute_features@14:
    cmd: python -m stages.compute_features resnet18 mini_imagenet data/models/resnet18_mini_imagenet_episodic.tar
      --split test &> data/logs/compute_features_mini_imagenet_test_resnet18_episodic.out
    deps:
    - path: data/models/resnet18_mini_imagenet_episodic.tar
      md5: dc2a2d4302a3f1254092fb7eba4ad076
      size: 44754385
    - path: stages/train_classic.py
      md5: bfc30fde5b958a57ac4639f4d90d31e9
      size: 5176
    outs:
    - path: data/features/mini_imagenet/test/resnet18_mini_imagenet_episodic.pickle
      md5: 0efb8a0a68164ead84a7276997330541
      size: 24577312
    - path: data/logs/compute_features_mini_imagenet_test_resnet18_episodic.out
      md5: b134b80dfd8aa7d28a83d2ff9304818a
      size: 36096
  compute_features@7:
    cmd: python -m stages.compute_features resnet12 mini_imagenet data/models/resnet12_mini_imagenet_episodic.tar
      --split train &> data/logs/compute_features_mini_imagenet_train_resnet12_episodic.out
    deps:
    - path: data/models/resnet12_mini_imagenet_episodic.tar
      md5: e8030951f579cb48fad1f4dcdbe22b0f
      size: 37773289
    - path: stages/train_classic.py
      md5: bfc30fde5b958a57ac4639f4d90d31e9
      size: 5176
    outs:
    - path: data/features/mini_imagenet/train/resnet12_mini_imagenet_episodic.pickle
      md5: c1b40611aa4451143d76f651412ce933
      size: 98307820
    - path: data/logs/compute_features_mini_imagenet_train_resnet12_episodic.out
      md5: de723b6dbb67ad3283e2bf8af0187ebe
      size: 130245
  compute_features@5:
    cmd: python -m stages.compute_features resnet12 cifar data/models/resnet12_cifar_episodic.tar
      --split train &> data/logs/compute_features_cifar_train_resnet12_episodic.out
    deps:
    - path: data/models/resnet12_cifar_episodic.tar
      md5: a57230dbe6ec08b27ed4e47a8ef1b8af
      size: 37773289
    - path: stages/train_classic.py
      md5: bfc30fde5b958a57ac4639f4d90d31e9
      size: 5176
    outs:
    - path: data/features/cifar/train/resnet12_cifar_episodic.pickle
      md5: 2e84719a2482836c5832a01ced97341c
      size: 98307820
    - path: data/logs/compute_features_cifar_train_resnet12_episodic.out
      md5: 5a32a29029ecc7340ae68341a36ce5b3
      size: 1754
  compute_features@0:
    cmd: python -m stages.compute_features resnet18 cifar data/models/resnet18_cifar_classic.tar
      --split train &> data/logs/compute_features_cifar_train_resnet18_classic.out
    deps:
    - path: data/models/resnet18_cifar_classic.tar
      md5: 089d432b6e0c86f989a70a7988c93f82
      size: 44754321
    - path: stages/train_classic.py
      md5: bfc30fde5b958a57ac4639f4d90d31e9
      size: 5176
    outs:
    - path: data/features/cifar/train/resnet18_cifar_classic.pickle
      md5: 133a8788582c04815397ac5959401fa6
      size: 78647020
    - path: data/logs/compute_features_cifar_train_resnet18_classic.out
      md5: 2cc5a9dac0fc98ecbfc6b9708b334aee
      size: 1714
